{
  "version": 4,
  "terraform_version": "1.7.5",
  "serial": 1,
  "lineage": "684f153b-456a-f629-65bb-2d07eaf41e8a",
  "outputs": {},
  "resources": [
    {
      "mode": "managed",
      "type": "spotify_playlist",
      "name": "Devotional",
      "provider": "provider[\"registry.terraform.io/conradludgate/spotify\"]",
      "instances": [
        {
          "schema_version": 0,
          "attributes": {
            "description": null,
            "id": "7z7jjao0fFQynJZf5utBOU",
            "name": "sinach",
            "public": true,
            "snapshot_id": "AAAAAp5Y7AM2iDSUorrstEBCoei4vJGD",
            "tracks": [
              "6hKHFC67DZJNw9tg1l0lIe"
            ]
          },
          "sensitive_attributes": [],
          "private": "bnVsbA=="
        }
      ]
    }
  ],
  "check_results": null
}
